#MicroXplorer Configuration settings - do not modify
ADC.ClockPrescaler=ADC_CLOCK_SYNC_PCLK_DIV2
ADC.ContinuousConvMode=DISABLE
ADC.DMAContinuousRequests=DISABLE
ADC.DataAlign=ADC_DATAALIGN_RIGHT
ADC.DiscontinuousConvMode=DISABLE
ADC.EOCSelection=ADC_EOC_SINGLE_CONV
ADC.EnableAnalogWatchDog=false
ADC.ExternalTrigConv=ADC_SOFTWARE_START
ADC.ExternalTrigConvEdge=ADC_EXTERNALTRIGCONVEDGE_NONE
ADC.IPParameters=ClockPrescaler,Resolution,DataAlign,ScanConvMode,ContinuousConvMode,DiscontinuousConvMode,DMAContinuousRequests,EOCSelection,Overrun,LowPowerAutoWait,LowPowerFrequencyMode,LowPowerAutoPowerOff,OversamplingMode,SamplingTime,ExternalTrigConv,ExternalTrigConvEdge,EnableAnalogWatchDog
ADC.LowPowerAutoPowerOff=DISABLE
ADC.LowPowerAutoWait=DISABLE
ADC.LowPowerFrequencyMode=DISABLE
ADC.Overrun=ADC_OVR_DATA_PRESERVED
ADC.OversamplingMode=DISABLE
ADC.Resolution=ADC_RESOLUTION_12B
ADC.SamplingTime=ADC_SAMPLETIME_160CYCLES_5
ADC.ScanConvMode=ADC_SCAN_DIRECTION_FORWARD
DAC.DAC_Channel=DAC_CHANNEL_1
DAC.IPParameters=DAC_Channel,WaveGeneration
DAC.WaveGeneration=DISABLE
Dma.LPUART1_RX.3.Direction=DMA_PERIPH_TO_MEMORY
Dma.LPUART1_RX.3.Instance=DMA1_Channel3
Dma.LPUART1_RX.3.MemDataAlignment=DMA_MDATAALIGN_BYTE
Dma.LPUART1_RX.3.MemInc=DMA_MINC_ENABLE
Dma.LPUART1_RX.3.Mode=DMA_NORMAL
Dma.LPUART1_RX.3.PeriphDataAlignment=DMA_PDATAALIGN_BYTE
Dma.LPUART1_RX.3.PeriphInc=DMA_PINC_DISABLE
Dma.LPUART1_RX.3.Priority=DMA_PRIORITY_LOW
Dma.LPUART1_RX.3.RequestParameters=Instance,Direction,PeriphInc,MemInc,PeriphDataAlignment,MemDataAlignment,Mode,Priority
Dma.Request0=TIM3_CH1
Dma.Request1=SPI2_RX
Dma.Request2=SPI2_TX
Dma.Request3=LPUART1_RX
Dma.RequestsNb=4
Dma.SPI2_RX.1.Direction=DMA_PERIPH_TO_MEMORY
Dma.SPI2_RX.1.Instance=DMA1_Channel4
Dma.SPI2_RX.1.MemDataAlignment=DMA_MDATAALIGN_BYTE
Dma.SPI2_RX.1.MemInc=DMA_MINC_ENABLE
Dma.SPI2_RX.1.Mode=DMA_NORMAL
Dma.SPI2_RX.1.PeriphDataAlignment=DMA_PDATAALIGN_BYTE
Dma.SPI2_RX.1.PeriphInc=DMA_PINC_DISABLE
Dma.SPI2_RX.1.Priority=DMA_PRIORITY_VERY_HIGH
Dma.SPI2_RX.1.RequestParameters=Instance,Direction,PeriphInc,MemInc,PeriphDataAlignment,MemDataAlignment,Mode,Priority
Dma.SPI2_TX.2.Direction=DMA_MEMORY_TO_PERIPH
Dma.SPI2_TX.2.Instance=DMA1_Channel7
Dma.SPI2_TX.2.MemDataAlignment=DMA_MDATAALIGN_BYTE
Dma.SPI2_TX.2.MemInc=DMA_MINC_ENABLE
Dma.SPI2_TX.2.Mode=DMA_NORMAL
Dma.SPI2_TX.2.PeriphDataAlignment=DMA_PDATAALIGN_BYTE
Dma.SPI2_TX.2.PeriphInc=DMA_PINC_DISABLE
Dma.SPI2_TX.2.Priority=DMA_PRIORITY_VERY_HIGH
Dma.SPI2_TX.2.RequestParameters=Instance,Direction,PeriphInc,MemInc,PeriphDataAlignment,MemDataAlignment,Mode,Priority
Dma.TIM3_CH1.0.Direction=DMA_PERIPH_TO_MEMORY
Dma.TIM3_CH1.0.Instance=DMA1_Channel5
Dma.TIM3_CH1.0.MemDataAlignment=DMA_MDATAALIGN_HALFWORD
Dma.TIM3_CH1.0.MemInc=DMA_MINC_ENABLE
Dma.TIM3_CH1.0.Mode=DMA_NORMAL
Dma.TIM3_CH1.0.PeriphDataAlignment=DMA_PDATAALIGN_HALFWORD
Dma.TIM3_CH1.0.PeriphInc=DMA_PINC_DISABLE
Dma.TIM3_CH1.0.Priority=DMA_PRIORITY_LOW
Dma.TIM3_CH1.0.RequestParameters=Instance,Direction,PeriphInc,MemInc,PeriphDataAlignment,MemDataAlignment,Mode,Priority
File.Version=6
I2C2.IPParameters=OwnAddress2Masks
I2C2.OwnAddress2Masks=I2C_OA2_NOMASK
KeepUserPlacement=true
LPUART1.BaudRate=9600
LPUART1.HwFlowCtl-Asynchronous=UART_HWCONTROL_NONE
LPUART1.IPParameters=HwFlowCtl-Asynchronous,BaudRate,WordLength,OverrunDisableParam
LPUART1.OverrunDisableParam=UART_ADVFEATURE_OVERRUN_DISABLE
LPUART1.WordLength=UART_WORDLENGTH_8B
Mcu.Family=STM32L0
Mcu.IP0=ADC
Mcu.IP1=DAC
Mcu.IP10=TIM3
Mcu.IP11=TIM6
Mcu.IP12=USART2
Mcu.IP2=DMA
Mcu.IP3=I2C2
Mcu.IP4=LPUART1
Mcu.IP5=NVIC
Mcu.IP6=RCC
Mcu.IP7=RTC
Mcu.IP8=SPI2
Mcu.IP9=SYS
Mcu.IPNb=13
Mcu.Name=STM32L073R(B-Z)Tx
Mcu.Package=LQFP64
Mcu.Pin0=PC13
Mcu.Pin1=PC14-OSC32_IN
Mcu.Pin10=PA3
Mcu.Pin11=PA4
Mcu.Pin12=PA5
Mcu.Pin13=PA6
Mcu.Pin14=PB10
Mcu.Pin15=PB11
Mcu.Pin16=PB13
Mcu.Pin17=PA13
Mcu.Pin18=PA14
Mcu.Pin19=VP_ADC_TempSens_Input
Mcu.Pin2=PC15-OSC32_OUT
Mcu.Pin20=VP_RTC_VS_RTC_Activate
Mcu.Pin21=VP_RTC_VS_RTC_Calendar
Mcu.Pin22=VP_RTC_VS_RTC_Alarm_A_Intern
Mcu.Pin23=VP_SYS_VS_Systick
Mcu.Pin24=VP_TIM3_VS_ClockSourceINT
Mcu.Pin25=VP_TIM6_VS_ClockSourceINT
Mcu.Pin3=PH0-OSC_IN
Mcu.Pin4=PC0
Mcu.Pin5=PC1
Mcu.Pin6=PC2
Mcu.Pin7=PC3
Mcu.Pin8=PA1
Mcu.Pin9=PA2
Mcu.PinsNb=26
Mcu.UserConstants=
Mcu.UserName=STM32L073RZTx
MxCube.Version=4.20.0
MxDb.Version=DB.4.0.200
NVIC.AES_RNG_LPUART1_IRQn=true\:0\:0\:false\:false\:true
NVIC.DMA1_Channel2_3_IRQn=true\:0\:0\:false\:false\:true
NVIC.DMA1_Channel4_5_6_7_IRQn=true\:2\:0\:true\:false\:true
NVIC.EXTI4_15_IRQn=true\:0\:0\:false\:false\:true
NVIC.HardFault_IRQn=true\:0\:0\:false\:false\:false
NVIC.NonMaskableInt_IRQn=true\:0\:0\:false\:false\:false
NVIC.PendSV_IRQn=true\:0\:0\:false\:false\:true
NVIC.RTC_IRQn=true\:0\:0\:false\:false\:true
NVIC.SVC_IRQn=true\:0\:0\:false\:false\:true
NVIC.SysTick_IRQn=true\:0\:0\:true\:false\:true
NVIC.TIM3_IRQn=true\:0\:0\:false\:false\:true
NVIC.TIM6_DAC_IRQn=true\:0\:0\:false\:false\:true
NVIC.USART2_IRQn=true\:1\:0\:true\:false\:true
PA1.Mode=IN1
PA1.Signal=ADC_IN1
PA13.GPIOParameters=GPIO_Label
PA13.GPIO_Label=TMS
PA13.Locked=true
PA13.Mode=Serial_Wire
PA13.Signal=SYS_SWDIO
PA14.GPIOParameters=GPIO_Label
PA14.GPIO_Label=TCK
PA14.Locked=true
PA14.Mode=Serial_Wire
PA14.Signal=SYS_SWCLK
PA2.GPIOParameters=GPIO_Label
PA2.GPIO_Label=USART_TX
PA2.Locked=true
PA2.Mode=Asynchronous
PA2.Signal=USART2_TX
PA3.GPIOParameters=GPIO_Label
PA3.GPIO_Label=USART_RX
PA3.Locked=true
PA3.Mode=Asynchronous
PA3.Signal=USART2_RX
PA4.Signal=COMP_DAC1_group
PA5.GPIOParameters=GPIO_Label
PA5.GPIO_Label=LD2 [Green Led]
PA5.Locked=true
PA5.Signal=GPIO_Output
PA6.Signal=S_TIM3_CH1
PB10.Mode=I2C
PB10.Signal=I2C2_SCL
PB11.Mode=I2C
PB11.Signal=I2C2_SDA
PB13.Mode=Full_Duplex_Master
PB13.Signal=SPI2_SCK
PC0.Mode=Asynchronous
PC0.Signal=LPUART1_RX
PC1.Mode=Asynchronous
PC1.Signal=LPUART1_TX
PC13.Locked=true
PC13.Signal=GPXTI13
PC14-OSC32_IN.Locked=true
PC14-OSC32_IN.Signal=RCC_OSC32_IN
PC15-OSC32_OUT.Locked=true
PC15-OSC32_OUT.Signal=RCC_OSC32_OUT
PC2.Mode=Full_Duplex_Master
PC2.Signal=SPI2_MISO
PC3.Mode=Full_Duplex_Master
PC3.Signal=SPI2_MOSI
PCC.Checker=true
PCC.Line=STM32L0x3
PCC.MCU=STM32L073R(B-Z)Tx
PCC.MXVersion=4.20.0
PCC.PartNumber=STM32L073RZTx
PCC.Seq0=0
PCC.Series=STM32L0
PCC.Temperature=25
PCC.Vdd=3.0
PH0-OSC_IN.GPIOParameters=GPIO_Label
PH0-OSC_IN.GPIO_Label=MCO
PH0-OSC_IN.Locked=true
PH0-OSC_IN.Signal=RCC_OSC_IN
ProjectManager.AskForMigrate=true
ProjectManager.BackupPrevious=false
ProjectManager.CompilerOptimize=2
ProjectManager.ComputerToolchain=false
ProjectManager.CoupleFile=false
ProjectManager.CustomerFirmwarePackage=C\:/Users/Sylvain/STM32Cube/Repository/STM32Cube_FW_L0_V1.9.0
ProjectManager.DefaultFWLocation=true
ProjectManager.DeletePrevious=true
ProjectManager.DeviceId=STM32L073RZTx
ProjectManager.FirmwarePackage=STM32Cube FW_L0 V1.9.0
ProjectManager.FreePins=false
ProjectManager.HalAssertFull=false
ProjectManager.HeapSize=0x200
ProjectManager.KeepUserCode=true
ProjectManager.LastFirmware=true
ProjectManager.LibraryCopy=1
ProjectManager.PreviousToolchain=SW4STM32
ProjectManager.ProjectBuild=false
ProjectManager.ProjectFileName=STM32L073_Nucleo.ioc
ProjectManager.ProjectName=STM32L073_Nucleo
ProjectManager.StackSize=0x400
ProjectManager.TargetToolchain=SW4STM32
ProjectManager.ToolChainLocation=
ProjectManager.UnderRoot=true
ProjectManager.functionlistsort=1-MX_GPIO_Init-GPIO-false-HAL,2-MX_DMA_Init-DMA-false-HAL,3-SystemClock_Config-RCC-false-HAL,4-MX_USART2_UART_Init-USART2-false-HAL,5-MX_ADC_Init-ADC-false-HAL,6-MX_DAC_Init-DAC-false-HAL,7-MX_RTC_Init-RTC-false-HAL,8-MX_TIM6_Init-TIM6-false-HAL,9-MX_TIM3_Init-TIM3-false-HAL,10-MX_SPI2_Init-SPI2-false-HAL,11-MX_I2C2_Init-I2C2-false-HAL,12-MX_LPUART1_UART_Init-LPUART1-false-HAL
RCC.48CLKFreq_Value=24000000
RCC.48MEnable=false
RCC.ADCEnable=false
RCC.AHBFreq_Value=2097000
RCC.APB1Freq_Value=2097000
RCC.APB1TimFreq_Value=2097000
RCC.APB2Freq_Value=2097000
RCC.APB2TimFreq_Value=2097000
RCC.ClockTypeHCLK=RCC_CLOCKTYPE_HCLK
RCC.ClockTypePCLK1=RCC_CLOCKTYPE_PCLK1
RCC.ClockTypePCLK2=RCC_CLOCKTYPE_PCLK2
RCC.ClockTypeSysClk=RCC_CLOCKTYPE_SYSCLK
RCC.EnableCSSLSE=false
RCC.EnableHSE=false
RCC.EnableHSELCDDevisor=false
RCC.EnableHSERTCDevisor=false
RCC.EnableLSE=false
RCC.EnableLSERTC=false
RCC.EnbaleCSS=false
RCC.FamilyName=M
RCC.HSE_VALUE=8000000
RCC.HSI16State=RCC_HSI_OFF
RCC.HSI16_VALUE=16000000
RCC.HSI48State=RCC_HSI48_OFF
RCC.HSI48_VALUE=48000000
RCC.HSI_VALUE=16000000
RCC.I2C1Enable=false
RCC.I2C1Freq_Value=2097000
RCC.I2C3Freq_Value=2097000
RCC.IPParameters=48CLKFreq_Value,48MEnable,ADCEnable,AHBFreq_Value,APB1Freq_Value,APB1TimFreq_Value,APB2Freq_Value,APB2TimFreq_Value,ClockTypeHCLK,ClockTypePCLK1,ClockTypePCLK2,ClockTypeSysClk,EnableCSSLSE,EnableHSE,EnableHSELCDDevisor,EnableHSERTCDevisor,EnableLSE,EnableLSERTC,EnbaleCSS,FamilyName,HSE_VALUE,HSI16State,HSI16_VALUE,HSI48State,HSI48_VALUE,HSI_VALUE,I2C1Enable,I2C1Freq_Value,I2C3Freq_Value,IWDGEnable,LCDEnable,LCDFreq_Value,LPTIMEnable,LPTIMFreq_Value,LPUARTEnable,LPUARTFreq_Value,LSEState,LSE_VALUE,LSIState,LSI_VALUE,MCOEnable,MSI_VALUE,PLLCLKFreq_Value,PLLSource,PLLSourceVirtual,PLLState,PWRFreq_Value,RCC_PERIPHCLK_HSI48Var,RCC_PERIPHCLK_LPUART1Var,RCC_PERIPHCLK_RTCVar,RCC_PERIPHCLK_USART2Var,RNGEnable,RTCEnable,RTCFreq_Value,RTCHSEDivFreq_Value,SYSCLKFreq_VALUE,TIMFreq_Value,USART1Enable,USART1Freq_Value,USART2Enable,USART2Freq_Value,USBEnable,VCOOutputFreq_Value,WatchDogFreq_Value
RCC.IWDGEnable=false
RCC.LCDEnable=false
RCC.LCDFreq_Value=37000
RCC.LPTIMEnable=false
RCC.LPTIMFreq_Value=2097000
RCC.LPUARTEnable=true
RCC.LPUARTFreq_Value=2097000
RCC.LSEState=RCC_LSE_ON
RCC.LSE_VALUE=32768
RCC.LSIState=RCC_LSI_ON
RCC.LSI_VALUE=37000
RCC.MCOEnable=false
RCC.MSI_VALUE=2097000
RCC.PLLCLKFreq_Value=24000000
RCC.PLLSource=RCC_PLLSOURCE_HSI
RCC.PLLSourceVirtual=RCC_PLLSOURCE_HSI
RCC.PLLState=RCC_PLL_OFF
RCC.PWRFreq_Value=2097000
RCC.RCC_PERIPHCLK_HSI48Var=RCC_PERIPHCLK_USB
RCC.RCC_PERIPHCLK_LPUART1Var=RCC_PERIPHCLK_LPUART1
RCC.RCC_PERIPHCLK_RTCVar=RCC_PERIPHCLK_RTC
RCC.RCC_PERIPHCLK_USART2Var=RCC_PERIPHCLK_USART2
RCC.RNGEnable=false
RCC.RTCEnable=true
RCC.RTCFreq_Value=37000
RCC.RTCHSEDivFreq_Value=4000000
RCC.SYSCLKFreq_VALUE=2097000
RCC.TIMFreq_Value=2097000
RCC.USART1Enable=false
RCC.USART1Freq_Value=2097000
RCC.USART2Enable=true
RCC.USART2Freq_Value=2097000
RCC.USBEnable=false
RCC.VCOOutputFreq_Value=48000000
RCC.WatchDogFreq_Value=37000
RTC.Alarm-Alarm\ A=RTC_ALARM_A
RTC.AlarmDateWeekDay-Alarm\ A=1
RTC.AlarmDateWeekDaySel-Alarm\ A=RTC_ALARMDATEWEEKDAYSEL_DATE
RTC.AlarmMaskDateWeekDay-Alarm\ A=RTC_ALARMMASK_DATEWEEKDAY
RTC.AlarmMaskHours-Alarm\ A=RTC_ALARMMASK_HOURS
RTC.AlarmMaskMinutes-Alarm\ A=RTC_ALARMMASK_MINUTES
RTC.AlarmMaskSeconds-Alarm\ A=RTC_ALARMMASK_SECONDS
RTC.Date=17
RTC.Hours=0
RTC.IPParameters=OutPut,OutPutPolarity,OutPutType,Hours,Year,Month,Date,WeekDay,Alarm-Alarm A,Seconds_A-Alarm A,AlarmDateWeekDaySel-Alarm A,AlarmMaskSeconds-Alarm A,AlarmMaskDateWeekDay-Alarm A,AlarmMaskHours-Alarm A,AlarmMaskMinutes-Alarm A,AlarmDateWeekDay-Alarm A
RTC.Month=RTC_MONTH_NOVEMBER
RTC.OutPut=RTC_OUTPUT_DISABLE
RTC.OutPutPolarity=RTC_OUTPUT_POLARITY_HIGH
RTC.OutPutType=RTC_OUTPUT_TYPE_OPENDRAIN
RTC.Seconds_A-Alarm\ A=2
RTC.WeekDay=RTC_WEEKDAY_FRIDAY
RTC.Year=17
SH.COMP_DAC1_group.0=DAC_OUT1,DAC_OUT1
SH.COMP_DAC1_group.ConfNb=1
SH.GPXTI13.0=GPIO_EXTI13
SH.GPXTI13.ConfNb=1
SH.S_TIM3_CH1.0=TIM3_CH1,Input_Capture1_from_TI1
SH.S_TIM3_CH1.ConfNb=1
SPI2.BaudRatePrescaler=SPI_BAUDRATEPRESCALER_32
SPI2.CRCLength=SPI_CRC_LENGTH_DATASIZE
SPI2.CRCPolynomial=7
SPI2.CalculateBaudRate=65.531 KBits/s
SPI2.Direction=SPI_DIRECTION_2LINES
SPI2.IPParameters=VirtualType,Mode,Direction,CRCLength,CRCPolynomial,NSSPMode,CalculateBaudRate,BaudRatePrescaler
SPI2.Mode=SPI_MODE_MASTER
SPI2.NSSPMode=SPI_NSS_PULSE_DISABLE
SPI2.VirtualType=VM_MASTER
TIM3.Channel-Input_Capture1_from_TI1=TIM_CHANNEL_1
TIM3.IPParameters=Channel-Input_Capture1_from_TI1,Prescaler,Period
TIM3.Period=2096
TIM3.Prescaler=2096
TIM6.IPParameters=TIM_MasterSlaveMode,Prescaler,Period
TIM6.Period=100
TIM6.Prescaler=2096
TIM6.TIM_MasterSlaveMode=TIM_MASTERSLAVEMODE_DISABLE
USART2.BaudRate=115200
USART2.HwFlowCtl-Asynchronous=UART_HWCONTROL_NONE
USART2.IPParameters=VirtualMode-Asynchronous,HwFlowCtl-Asynchronous,BaudRate,WordLength,OverrunDisableParam
USART2.OverrunDisableParam=UART_ADVFEATURE_OVERRUN_DISABLE
USART2.VirtualMode-Asynchronous=VM_ASYNC
USART2.WordLength=WORDLENGTH_8B
VP_ADC_TempSens_Input.Mode=IN-TempSens
VP_ADC_TempSens_Input.Signal=ADC_TempSens_Input
VP_RTC_VS_RTC_Activate.Mode=RTC_Enabled
VP_RTC_VS_RTC_Activate.Signal=RTC_VS_RTC_Activate
VP_RTC_VS_RTC_Alarm_A_Intern.Mode=Alarm A
VP_RTC_VS_RTC_Alarm_A_Intern.Signal=RTC_VS_RTC_Alarm_A_Intern
VP_RTC_VS_RTC_Calendar.Mode=RTC_Calendar
VP_RTC_VS_RTC_Calendar.Signal=RTC_VS_RTC_Calendar
VP_SYS_VS_Systick.Mode=SysTick
VP_SYS_VS_Systick.Signal=SYS_VS_Systick
VP_TIM3_VS_ClockSourceINT.Mode=Internal
VP_TIM3_VS_ClockSourceINT.Signal=TIM3_VS_ClockSourceINT
VP_TIM6_VS_ClockSourceINT.Mode=Enable_Timer
VP_TIM6_VS_ClockSourceINT.Signal=TIM6_VS_ClockSourceINT
board=NUCLEO-L073RZ
boardIOC=true
